// !$*UTF8*$!
{
	archiveVersion = 1;
	classes = {
	};
	objectVersion = 56;
	objects = {

/* Begin PBXBuildFile section */
		B653ABC82C178B3100B68A5C /* TimelineView.swift in Sources */ = {isa = PBXBuildFile; fileRef = B653ABC72C178B3100B68A5C /* TimelineView.swift */; };
		B653ABCA2C18F39D00B68A5C /* FillBubbleView.swift in Sources */ = {isa = PBXBuildFile; fileRef = B653ABC92C18F39D00B68A5C /* FillBubbleView.swift */; };
		B6561BFA2BFBCBA100C66A46 /* HomepageViewVOne.swift in Sources */ = {isa = PBXBuildFile; fileRef = B6561BF92BFBCBA100C66A46 /* HomepageViewVOne.swift */; };
		B689E1A92BFE97C6007A8007 /* HomepageViewVTwo.swift in Sources */ = {isa = PBXBuildFile; fileRef = B689E1A82BFE97C6007A8007 /* HomepageViewVTwo.swift */; };
		B689E1AB2BFFC680007A8007 /* ExistingGroupLoadingView.swift in Sources */ = {isa = PBXBuildFile; fileRef = B689E1AA2BFFC680007A8007 /* ExistingGroupLoadingView.swift */; };
		B689E1AD2BFFCC9C007A8007 /* NewGroupLoadingView.swift in Sources */ = {isa = PBXBuildFile; fileRef = B689E1AC2BFFCC9C007A8007 /* NewGroupLoadingView.swift */; };
		B689E1AF2BFFCEAE007A8007 /* TeamTrackerView.swift in Sources */ = {isa = PBXBuildFile; fileRef = B689E1AE2BFFCEAE007A8007 /* TeamTrackerView.swift */; };
		B689E1B12C01023C007A8007 /* CreateGroupView.swift in Sources */ = {isa = PBXBuildFile; fileRef = B689E1B02C01023C007A8007 /* CreateGroupView.swift */; };
		B6ACEA102C077029003F7EA6 /* ContentView.swift in Sources */ = {isa = PBXBuildFile; fileRef = B6ACEA0F2C077029003F7EA6 /* ContentView.swift */; };
		B6ACEA122C0968E3003F7EA6 /* HomeView.swift in Sources */ = {isa = PBXBuildFile; fileRef = B6ACEA112C0968E3003F7EA6 /* HomeView.swift */; };
		B6F793922BBA096000903B51 /* getItDoneApp.swift in Sources */ = {isa = PBXBuildFile; fileRef = B6F793912BBA096000903B51 /* getItDoneApp.swift */; };
		B6F793962BBA096100903B51 /* Assets.xcassets in Resources */ = {isa = PBXBuildFile; fileRef = B6F793952BBA096100903B51 /* Assets.xcassets */; };
		B6F793992BBA096100903B51 /* Preview Assets.xcassets in Resources */ = {isa = PBXBuildFile; fileRef = B6F793982BBA096100903B51 /* Preview Assets.xcassets */; };
		B6F793A32BBA11EF00903B51 /* FirebaseAnalyticsWithoutAdIdSupport in Frameworks */ = {isa = PBXBuildFile; productRef = B6F793A22BBA11EF00903B51 /* FirebaseAnalyticsWithoutAdIdSupport */; };
		B6F793A52BBA11EF00903B51 /* FirebaseAppCheck in Frameworks */ = {isa = PBXBuildFile; productRef = B6F793A42BBA11EF00903B51 /* FirebaseAppCheck */; };
		B6F793A72BBA11EF00903B51 /* FirebaseAuth in Frameworks */ = {isa = PBXBuildFile; productRef = B6F793A62BBA11EF00903B51 /* FirebaseAuth */; };
		B6F793A92BBA11EF00903B51 /* FirebaseDatabase in Frameworks */ = {isa = PBXBuildFile; productRef = B6F793A82BBA11EF00903B51 /* FirebaseDatabase */; };
		B6F793AB2BBA11EF00903B51 /* FirebaseMessaging in Frameworks */ = {isa = PBXBuildFile; productRef = B6F793AA2BBA11EF00903B51 /* FirebaseMessaging */; };
		B6F793AD2BBA17CF00903B51 /* UserRow.swift in Sources */ = {isa = PBXBuildFile; fileRef = B6F793AC2BBA17CF00903B51 /* UserRow.swift */; };
		CA013F332BBCE7CE00EF1771 /* RegisterView.swift in Sources */ = {isa = PBXBuildFile; fileRef = CA013F322BBCE7CE00EF1771 /* RegisterView.swift */; };
		CA1248DA2BC875190082A05B /* FirebaseFirestore in Frameworks */ = {isa = PBXBuildFile; productRef = CA1248D92BC875190082A05B /* FirebaseFirestore */; };
		CA1248DC2BC895390082A05B /* AuthenticationView.swift in Sources */ = {isa = PBXBuildFile; fileRef = CA1248DB2BC895390082A05B /* AuthenticationView.swift */; };
		CA1248DE2BC896750082A05B /* SignInEmailView.swift in Sources */ = {isa = PBXBuildFile; fileRef = CA1248DD2BC896750082A05B /* SignInEmailView.swift */; };
		CA1248E02BC8981E0082A05B /* AuthenticationManager.swift in Sources */ = {isa = PBXBuildFile; fileRef = CA1248DF2BC8981E0082A05B /* AuthenticationManager.swift */; };
		CA1248E22BC89C9D0082A05B /* RootView.swift in Sources */ = {isa = PBXBuildFile; fileRef = CA1248E12BC89C9D0082A05B /* RootView.swift */; };
		CA1248E42BC89F190082A05B /* SettingsView.swift in Sources */ = {isa = PBXBuildFile; fileRef = CA1248E32BC89F190082A05B /* SettingsView.swift */; };
		CA1248E62BC8BDBF0082A05B /* GoogleService-Info.plist in Resources */ = {isa = PBXBuildFile; fileRef = CA1248E52BC8BDBF0082A05B /* GoogleService-Info.plist */; };
		CA1248E92BC8BE5D0082A05B /* GoogleSignIn in Frameworks */ = {isa = PBXBuildFile; productRef = CA1248E82BC8BE5D0082A05B /* GoogleSignIn */; };
		CA1248EB2BC8BE5D0082A05B /* GoogleSignInSwift in Frameworks */ = {isa = PBXBuildFile; productRef = CA1248EA2BC8BE5D0082A05B /* GoogleSignInSwift */; };
		CA1248EF2BC8C11C0082A05B /* Utilities.swift in Sources */ = {isa = PBXBuildFile; fileRef = CA1248EE2BC8C11C0082A05B /* Utilities.swift */; };
		CA1248F12BC9F28C0082A05B /* SignInGoogleHelper.swift in Sources */ = {isa = PBXBuildFile; fileRef = CA1248F02BC9F28C0082A05B /* SignInGoogleHelper.swift */; };
		CA1248F42BCA17650082A05B /* SignInAppleHelper.swift in Sources */ = {isa = PBXBuildFile; fileRef = CA1248F32BCA17650082A05B /* SignInAppleHelper.swift */; };
/* End PBXBuildFile section */

/* Begin PBXFileReference section */
		B653ABC72C178B3100B68A5C /* TimelineView.swift */ = {isa = PBXFileReference; lastKnownFileType = sourcecode.swift; path = TimelineView.swift; sourceTree = "<group>"; };
		B653ABC92C18F39D00B68A5C /* FillBubbleView.swift */ = {isa = PBXFileReference; fileEncoding = 4; lastKnownFileType = sourcecode.swift; path = FillBubbleView.swift; sourceTree = "<group>"; };
		B6561BF92BFBCBA100C66A46 /* HomepageViewVOne.swift */ = {isa = PBXFileReference; lastKnownFileType = sourcecode.swift; path = HomepageViewVOne.swift; sourceTree = "<group>"; };
		B689E1A82BFE97C6007A8007 /* HomepageViewVTwo.swift */ = {isa = PBXFileReference; lastKnownFileType = sourcecode.swift; path = HomepageViewVTwo.swift; sourceTree = "<group>"; };
		B689E1AA2BFFC680007A8007 /* ExistingGroupLoadingView.swift */ = {isa = PBXFileReference; lastKnownFileType = sourcecode.swift; path = ExistingGroupLoadingView.swift; sourceTree = "<group>"; };
		B689E1AC2BFFCC9C007A8007 /* NewGroupLoadingView.swift */ = {isa = PBXFileReference; lastKnownFileType = sourcecode.swift; path = NewGroupLoadingView.swift; sourceTree = "<group>"; };
		B689E1AE2BFFCEAE007A8007 /* TeamTrackerView.swift */ = {isa = PBXFileReference; lastKnownFileType = sourcecode.swift; path = TeamTrackerView.swift; sourceTree = "<group>"; };
		B689E1B02C01023C007A8007 /* CreateGroupView.swift */ = {isa = PBXFileReference; lastKnownFileType = sourcecode.swift; path = CreateGroupView.swift; sourceTree = "<group>"; };
		B6ACEA0F2C077029003F7EA6 /* ContentView.swift */ = {isa = PBXFileReference; lastKnownFileType = sourcecode.swift; path = ContentView.swift; sourceTree = "<group>"; };
		B6ACEA112C0968E3003F7EA6 /* HomeView.swift */ = {isa = PBXFileReference; lastKnownFileType = sourcecode.swift; path = HomeView.swift; sourceTree = "<group>"; };
		B6F7938E2BBA096000903B51 /* getItDone.app */ = {isa = PBXFileReference; explicitFileType = wrapper.application; includeInIndex = 0; path = getItDone.app; sourceTree = BUILT_PRODUCTS_DIR; };
		B6F793912BBA096000903B51 /* getItDoneApp.swift */ = {isa = PBXFileReference; lastKnownFileType = sourcecode.swift; path = getItDoneApp.swift; sourceTree = "<group>"; };
		B6F793952BBA096100903B51 /* Assets.xcassets */ = {isa = PBXFileReference; lastKnownFileType = folder.assetcatalog; path = Assets.xcassets; sourceTree = "<group>"; };
		B6F793982BBA096100903B51 /* Preview Assets.xcassets */ = {isa = PBXFileReference; lastKnownFileType = folder.assetcatalog; path = "Preview Assets.xcassets"; sourceTree = "<group>"; };
		B6F793AC2BBA17CF00903B51 /* UserRow.swift */ = {isa = PBXFileReference; lastKnownFileType = sourcecode.swift; path = UserRow.swift; sourceTree = "<group>"; };
		CA013F322BBCE7CE00EF1771 /* RegisterView.swift */ = {isa = PBXFileReference; lastKnownFileType = sourcecode.swift; path = RegisterView.swift; sourceTree = "<group>"; };
		CA1248DB2BC895390082A05B /* AuthenticationView.swift */ = {isa = PBXFileReference; lastKnownFileType = sourcecode.swift; path = AuthenticationView.swift; sourceTree = "<group>"; };
		CA1248DD2BC896750082A05B /* SignInEmailView.swift */ = {isa = PBXFileReference; lastKnownFileType = sourcecode.swift; path = SignInEmailView.swift; sourceTree = "<group>"; };
		CA1248DF2BC8981E0082A05B /* AuthenticationManager.swift */ = {isa = PBXFileReference; lastKnownFileType = sourcecode.swift; path = AuthenticationManager.swift; sourceTree = "<group>"; };
		CA1248E12BC89C9D0082A05B /* RootView.swift */ = {isa = PBXFileReference; lastKnownFileType = sourcecode.swift; path = RootView.swift; sourceTree = "<group>"; };
		CA1248E32BC89F190082A05B /* SettingsView.swift */ = {isa = PBXFileReference; lastKnownFileType = sourcecode.swift; path = SettingsView.swift; sourceTree = "<group>"; };
		CA1248E52BC8BDBF0082A05B /* GoogleService-Info.plist */ = {isa = PBXFileReference; fileEncoding = 4; lastKnownFileType = text.plist.xml; path = "GoogleService-Info.plist"; sourceTree = "<group>"; };
		CA1248EC2BC8BEA10082A05B /* Info.plist */ = {isa = PBXFileReference; lastKnownFileType = text.plist; path = Info.plist; sourceTree = "<group>"; };
		CA1248EE2BC8C11C0082A05B /* Utilities.swift */ = {isa = PBXFileReference; lastKnownFileType = sourcecode.swift; path = Utilities.swift; sourceTree = "<group>"; };
		CA1248F02BC9F28C0082A05B /* SignInGoogleHelper.swift */ = {isa = PBXFileReference; lastKnownFileType = sourcecode.swift; path = SignInGoogleHelper.swift; sourceTree = "<group>"; };
		CA1248F22BCA08FA0082A05B /* getItDone.entitlements */ = {isa = PBXFileReference; lastKnownFileType = text.plist.entitlements; path = getItDone.entitlements; sourceTree = "<group>"; };
		CA1248F32BCA17650082A05B /* SignInAppleHelper.swift */ = {isa = PBXFileReference; lastKnownFileType = sourcecode.swift; path = SignInAppleHelper.swift; sourceTree = "<group>"; };
/* End PBXFileReference section */

/* Begin PBXFrameworksBuildPhase section */
		B6F7938B2BBA096000903B51 /* Frameworks */ = {
			isa = PBXFrameworksBuildPhase;
			buildActionMask = 2147483647;
			files = (
				B6F793A52BBA11EF00903B51 /* FirebaseAppCheck in Frameworks */,
				B6F793A72BBA11EF00903B51 /* FirebaseAuth in Frameworks */,
				B6F793AB2BBA11EF00903B51 /* FirebaseMessaging in Frameworks */,
				CA1248EB2BC8BE5D0082A05B /* GoogleSignInSwift in Frameworks */,
				CA1248DA2BC875190082A05B /* FirebaseFirestore in Frameworks */,
				B6F793A92BBA11EF00903B51 /* FirebaseDatabase in Frameworks */,
				B6F793A32BBA11EF00903B51 /* FirebaseAnalyticsWithoutAdIdSupport in Frameworks */,
				CA1248E92BC8BE5D0082A05B /* GoogleSignIn in Frameworks */,
			);
			runOnlyForDeploymentPostprocessing = 0;
		};
/* End PBXFrameworksBuildPhase section */

/* Begin PBXGroup section */
		B6F793852BBA096000903B51 = {
			isa = PBXGroup;
			children = (
				B6F793902BBA096000903B51 /* getItDone */,
				B6F7938F2BBA096000903B51 /* Products */,
				CA1248D82BC875190082A05B /* Frameworks */,
			);
			sourceTree = "<group>";
		};
		B6F7938F2BBA096000903B51 /* Products */ = {
			isa = PBXGroup;
			children = (
				B6F7938E2BBA096000903B51 /* getItDone.app */,
			);
			name = Products;
			sourceTree = "<group>";
		};
		B6F793902BBA096000903B51 /* getItDone */ = {
			isa = PBXGroup;
			children = (
				CA1248F22BCA08FA0082A05B /* getItDone.entitlements */,
				CA1248ED2BC8C10B0082A05B /* Utilities */,
				CA1248EC2BC8BEA10082A05B /* Info.plist */,
				CA1248E52BC8BDBF0082A05B /* GoogleService-Info.plist */,
				B6F793912BBA096000903B51 /* getItDoneApp.swift */,
				CA1248E12BC89C9D0082A05B /* RootView.swift */,
				B6F793952BBA096100903B51 /* Assets.xcassets */,
				B6F793972BBA096100903B51 /* Preview Content */,
				B6F793AC2BBA17CF00903B51 /* UserRow.swift */,
				B689E1AA2BFFC680007A8007 /* ExistingGroupLoadingView.swift */,
				B689E1AC2BFFCC9C007A8007 /* NewGroupLoadingView.swift */,
				B689E1B02C01023C007A8007 /* CreateGroupView.swift */,
				B653ABC72C178B3100B68A5C /* TimelineView.swift */,
				B6ACEA112C0968E3003F7EA6 /* HomeView.swift */,
				B689E1AE2BFFCEAE007A8007 /* TeamTrackerView.swift */,
				CA013F322BBCE7CE00EF1771 /* RegisterView.swift */,
				B653ABC92C18F39D00B68A5C /* FillBubbleView.swift */,
				CA1248DB2BC895390082A05B /* AuthenticationView.swift */,
				CA1248DD2BC896750082A05B /* SignInEmailView.swift */,
				CA1248DF2BC8981E0082A05B /* AuthenticationManager.swift */,
				CA1248E32BC89F190082A05B /* SettingsView.swift */,
				B6561BF92BFBCBA100C66A46 /* HomepageViewVOne.swift */,
				B689E1A82BFE97C6007A8007 /* HomepageViewVTwo.swift */,
				B6ACEA0F2C077029003F7EA6 /* ContentView.swift */,
				CA1248F02BC9F28C0082A05B /* SignInGoogleHelper.swift */,
				CA1248F32BCA17650082A05B /* SignInAppleHelper.swift */,
			);
			path = getItDone;
			sourceTree = "<group>";
		};
		B6F793972BBA096100903B51 /* Preview Content */ = {
			isa = PBXGroup;
			children = (
				B6F793982BBA096100903B51 /* Preview Assets.xcassets */,
			);
			path = "Preview Content";
			sourceTree = "<group>";
		};
		CA1248D82BC875190082A05B /* Frameworks */ = {
			isa = PBXGroup;
			children = (
			);
			name = Frameworks;
			sourceTree = "<group>";
		};
		CA1248ED2BC8C10B0082A05B /* Utilities */ = {
			isa = PBXGroup;
			children = (
				CA1248EE2BC8C11C0082A05B /* Utilities.swift */,
			);
			path = Utilities;
			sourceTree = "<group>";
		};
/* End PBXGroup section */

/* Begin PBXNativeTarget section */
		B6F7938D2BBA096000903B51 /* getItDone */ = {
			isa = PBXNativeTarget;
			buildConfigurationList = B6F7939C2BBA096100903B51 /* Build configuration list for PBXNativeTarget "getItDone" */;
			buildPhases = (
				B6F7938A2BBA096000903B51 /* Sources */,
				B6F7938B2BBA096000903B51 /* Frameworks */,
				B6F7938C2BBA096000903B51 /* Resources */,
			);
			buildRules = (
			);
			dependencies = (
			);
			name = getItDone;
			packageProductDependencies = (
				B6F793A22BBA11EF00903B51 /* FirebaseAnalyticsWithoutAdIdSupport */,
				B6F793A42BBA11EF00903B51 /* FirebaseAppCheck */,
				B6F793A62BBA11EF00903B51 /* FirebaseAuth */,
				B6F793A82BBA11EF00903B51 /* FirebaseDatabase */,
				B6F793AA2BBA11EF00903B51 /* FirebaseMessaging */,
				CA1248D92BC875190082A05B /* FirebaseFirestore */,
				CA1248E82BC8BE5D0082A05B /* GoogleSignIn */,
				CA1248EA2BC8BE5D0082A05B /* GoogleSignInSwift */,
			);
			productName = getItDone;
			productReference = B6F7938E2BBA096000903B51 /* getItDone.app */;
			productType = "com.apple.product-type.application";
		};
/* End PBXNativeTarget section */

/* Begin PBXProject section */
		B6F793862BBA096000903B51 /* Project object */ = {
			isa = PBXProject;
			attributes = {
				BuildIndependentTargetsInParallel = 1;
				LastSwiftUpdateCheck = 1530;
				LastUpgradeCheck = 1530;
				TargetAttributes = {
					B6F7938D2BBA096000903B51 = {
						CreatedOnToolsVersion = 15.3;
					};
				};
			};
			buildConfigurationList = B6F793892BBA096000903B51 /* Build configuration list for PBXProject "getItDone" */;
			compatibilityVersion = "Xcode 14.0";
			developmentRegion = en;
			hasScannedForEncodings = 0;
			knownRegions = (
				en,
				Base,
			);
			mainGroup = B6F793852BBA096000903B51;
			packageReferences = (
				B6F793A12BBA11EF00903B51 /* XCRemoteSwiftPackageReference "firebase-ios-sdk" */,
				CA1248E72BC8BE5D0082A05B /* XCRemoteSwiftPackageReference "GoogleSignIn-iOS" */,
			);
			productRefGroup = B6F7938F2BBA096000903B51 /* Products */;
			projectDirPath = "";
			projectRoot = "";
			targets = (
				B6F7938D2BBA096000903B51 /* getItDone */,
			);
		};
/* End PBXProject section */

/* Begin PBXResourcesBuildPhase section */
		B6F7938C2BBA096000903B51 /* Resources */ = {
			isa = PBXResourcesBuildPhase;
			buildActionMask = 2147483647;
			files = (
				B6F793992BBA096100903B51 /* Preview Assets.xcassets in Resources */,
				B6F793962BBA096100903B51 /* Assets.xcassets in Resources */,
				CA1248E62BC8BDBF0082A05B /* GoogleService-Info.plist in Resources */,
			);
			runOnlyForDeploymentPostprocessing = 0;
		};
/* End PBXResourcesBuildPhase section */

/* Begin PBXSourcesBuildPhase section */
		B6F7938A2BBA096000903B51 /* Sources */ = {
			isa = PBXSourcesBuildPhase;
			buildActionMask = 2147483647;
			files = (
				CA1248F12BC9F28C0082A05B /* SignInGoogleHelper.swift in Sources */,
				B653ABC82C178B3100B68A5C /* TimelineView.swift in Sources */,
				CA1248E22BC89C9D0082A05B /* RootView.swift in Sources */,
				B6F793AD2BBA17CF00903B51 /* UserRow.swift in Sources */,
				B6ACEA102C077029003F7EA6 /* ContentView.swift in Sources */,
				B689E1A92BFE97C6007A8007 /* HomepageViewVTwo.swift in Sources */,
				CA1248DE2BC896750082A05B /* SignInEmailView.swift in Sources */,
				CA1248E42BC89F190082A05B /* SettingsView.swift in Sources */,
				CA1248E02BC8981E0082A05B /* AuthenticationManager.swift in Sources */,
				B689E1AD2BFFCC9C007A8007 /* NewGroupLoadingView.swift in Sources */,
				B653ABCA2C18F39D00B68A5C /* FillBubbleView.swift in Sources */,
				B6561BFA2BFBCBA100C66A46 /* HomepageViewVOne.swift in Sources */,
				CA013F332BBCE7CE00EF1771 /* RegisterView.swift in Sources */,
				CA1248EF2BC8C11C0082A05B /* Utilities.swift in Sources */,
				B6ACEA122C0968E3003F7EA6 /* HomeView.swift in Sources */,
				B6F793922BBA096000903B51 /* getItDoneApp.swift in Sources */,
				B689E1AF2BFFCEAE007A8007 /* TeamTrackerView.swift in Sources */,
				CA1248F42BCA17650082A05B /* SignInAppleHelper.swift in Sources */,
				B689E1B12C01023C007A8007 /* CreateGroupView.swift in Sources */,
				B689E1AB2BFFC680007A8007 /* ExistingGroupLoadingView.swift in Sources */,
				CA1248DC2BC895390082A05B /* AuthenticationView.swift in Sources */,
			);
			runOnlyForDeploymentPostprocessing = 0;
		};
/* End PBXSourcesBuildPhase section */

/* Begin XCBuildConfiguration section */
		B6F7939A2BBA096100903B51 /* Debug */ = {
			isa = XCBuildConfiguration;
			buildSettings = {
				ALWAYS_SEARCH_USER_PATHS = NO;
				ASSETCATALOG_COMPILER_GENERATE_SWIFT_ASSET_SYMBOL_EXTENSIONS = YES;
				CLANG_ANALYZER_NONNULL = YES;
				CLANG_ANALYZER_NUMBER_OBJECT_CONVERSION = YES_AGGRESSIVE;
				CLANG_CXX_LANGUAGE_STANDARD = "gnu++20";
				CLANG_ENABLE_MODULES = YES;
				CLANG_ENABLE_OBJC_ARC = YES;
				CLANG_ENABLE_OBJC_WEAK = YES;
				CLANG_WARN_BLOCK_CAPTURE_AUTORELEASING = YES;
				CLANG_WARN_BOOL_CONVERSION = YES;
				CLANG_WARN_COMMA = YES;
				CLANG_WARN_CONSTANT_CONVERSION = YES;
				CLANG_WARN_DEPRECATED_OBJC_IMPLEMENTATIONS = YES;
				CLANG_WARN_DIRECT_OBJC_ISA_USAGE = YES_ERROR;
				CLANG_WARN_DOCUMENTATION_COMMENTS = YES;
				CLANG_WARN_EMPTY_BODY = YES;
				CLANG_WARN_ENUM_CONVERSION = YES;
				CLANG_WARN_INFINITE_RECURSION = YES;
				CLANG_WARN_INT_CONVERSION = YES;
				CLANG_WARN_NON_LITERAL_NULL_CONVERSION = YES;
				CLANG_WARN_OBJC_IMPLICIT_RETAIN_SELF = YES;
				CLANG_WARN_OBJC_LITERAL_CONVERSION = YES;
				CLANG_WARN_OBJC_ROOT_CLASS = YES_ERROR;
				CLANG_WARN_QUOTED_INCLUDE_IN_FRAMEWORK_HEADER = YES;
				CLANG_WARN_RANGE_LOOP_ANALYSIS = YES;
				CLANG_WARN_STRICT_PROTOTYPES = YES;
				CLANG_WARN_SUSPICIOUS_MOVE = YES;
				CLANG_WARN_UNGUARDED_AVAILABILITY = YES_AGGRESSIVE;
				CLANG_WARN_UNREACHABLE_CODE = YES;
				CLANG_WARN__DUPLICATE_METHOD_MATCH = YES;
				COPY_PHASE_STRIP = NO;
				DEBUG_INFORMATION_FORMAT = dwarf;
				ENABLE_STRICT_OBJC_MSGSEND = YES;
				ENABLE_TESTABILITY = YES;
				ENABLE_USER_SCRIPT_SANDBOXING = YES;
				GCC_C_LANGUAGE_STANDARD = gnu17;
				GCC_DYNAMIC_NO_PIC = NO;
				GCC_NO_COMMON_BLOCKS = YES;
				GCC_OPTIMIZATION_LEVEL = 0;
				GCC_PREPROCESSOR_DEFINITIONS = (
					"DEBUG=1",
					"$(inherited)",
				);
				GCC_WARN_64_TO_32_BIT_CONVERSION = YES;
				GCC_WARN_ABOUT_RETURN_TYPE = YES_ERROR;
				GCC_WARN_UNDECLARED_SELECTOR = YES;
				GCC_WARN_UNINITIALIZED_AUTOS = YES_AGGRESSIVE;
				GCC_WARN_UNUSED_FUNCTION = YES;
				GCC_WARN_UNUSED_VARIABLE = YES;
				IPHONEOS_DEPLOYMENT_TARGET = 17.4;
				LOCALIZATION_PREFERS_STRING_CATALOGS = YES;
				MTL_ENABLE_DEBUG_INFO = INCLUDE_SOURCE;
				MTL_FAST_MATH = YES;
				ONLY_ACTIVE_ARCH = YES;
				SDKROOT = iphoneos;
				SWIFT_ACTIVE_COMPILATION_CONDITIONS = "DEBUG $(inherited)";
				SWIFT_OPTIMIZATION_LEVEL = "-Onone";
			};
			name = Debug;
		};
		B6F7939B2BBA096100903B51 /* Release */ = {
			isa = XCBuildConfiguration;
			buildSettings = {
				ALWAYS_SEARCH_USER_PATHS = NO;
				ASSETCATALOG_COMPILER_GENERATE_SWIFT_ASSET_SYMBOL_EXTENSIONS = YES;
				CLANG_ANALYZER_NONNULL = YES;
				CLANG_ANALYZER_NUMBER_OBJECT_CONVERSION = YES_AGGRESSIVE;
				CLANG_CXX_LANGUAGE_STANDARD = "gnu++20";
				CLANG_ENABLE_MODULES = YES;
				CLANG_ENABLE_OBJC_ARC = YES;
				CLANG_ENABLE_OBJC_WEAK = YES;
				CLANG_WARN_BLOCK_CAPTURE_AUTORELEASING = YES;
				CLANG_WARN_BOOL_CONVERSION = YES;
				CLANG_WARN_COMMA = YES;
				CLANG_WARN_CONSTANT_CONVERSION = YES;
				CLANG_WARN_DEPRECATED_OBJC_IMPLEMENTATIONS = YES;
				CLANG_WARN_DIRECT_OBJC_ISA_USAGE = YES_ERROR;
				CLANG_WARN_DOCUMENTATION_COMMENTS = YES;
				CLANG_WARN_EMPTY_BODY = YES;
				CLANG_WARN_ENUM_CONVERSION = YES;
				CLANG_WARN_INFINITE_RECURSION = YES;
				CLANG_WARN_INT_CONVERSION = YES;
				CLANG_WARN_NON_LITERAL_NULL_CONVERSION = YES;
				CLANG_WARN_OBJC_IMPLICIT_RETAIN_SELF = YES;
				CLANG_WARN_OBJC_LITERAL_CONVERSION = YES;
				CLANG_WARN_OBJC_ROOT_CLASS = YES_ERROR;
				CLANG_WARN_QUOTED_INCLUDE_IN_FRAMEWORK_HEADER = YES;
				CLANG_WARN_RANGE_LOOP_ANALYSIS = YES;
				CLANG_WARN_STRICT_PROTOTYPES = YES;
				CLANG_WARN_SUSPICIOUS_MOVE = YES;
				CLANG_WARN_UNGUARDED_AVAILABILITY = YES_AGGRESSIVE;
				CLANG_WARN_UNREACHABLE_CODE = YES;
				CLANG_WARN__DUPLICATE_METHOD_MATCH = YES;
				COPY_PHASE_STRIP = NO;
				DEBUG_INFORMATION_FORMAT = "dwarf-with-dsym";
				ENABLE_NS_ASSERTIONS = NO;
				ENABLE_STRICT_OBJC_MSGSEND = YES;
				ENABLE_USER_SCRIPT_SANDBOXING = YES;
				GCC_C_LANGUAGE_STANDARD = gnu17;
				GCC_NO_COMMON_BLOCKS = YES;
				GCC_WARN_64_TO_32_BIT_CONVERSION = YES;
				GCC_WARN_ABOUT_RETURN_TYPE = YES_ERROR;
				GCC_WARN_UNDECLARED_SELECTOR = YES;
				GCC_WARN_UNINITIALIZED_AUTOS = YES_AGGRESSIVE;
				GCC_WARN_UNUSED_FUNCTION = YES;
				GCC_WARN_UNUSED_VARIABLE = YES;
				IPHONEOS_DEPLOYMENT_TARGET = 17.4;
				LOCALIZATION_PREFERS_STRING_CATALOGS = YES;
				MTL_ENABLE_DEBUG_INFO = NO;
				MTL_FAST_MATH = YES;
				SDKROOT = iphoneos;
				SWIFT_COMPILATION_MODE = wholemodule;
				VALIDATE_PRODUCT = YES;
			};
			name = Release;
		};
		B6F7939D2BBA096100903B51 /* Debug */ = {
			isa = XCBuildConfiguration;
			buildSettings = {
				ASSETCATALOG_COMPILER_APPICON_NAME = AppIcon;
				ASSETCATALOG_COMPILER_GLOBAL_ACCENT_COLOR_NAME = AccentColor;
				CODE_SIGN_ENTITLEMENTS = getItDone/getItDone.entitlements;
				CODE_SIGN_STYLE = Automatic;
				CURRENT_PROJECT_VERSION = 1;
				DEVELOPMENT_ASSET_PATHS = "\"getItDone/Preview Content\"";
				DEVELOPMENT_TEAM = AM2NVA9V8P;
				ENABLE_PREVIEWS = YES;
				GENERATE_INFOPLIST_FILE = YES;
				INFOPLIST_FILE = getItDone/Info.plist;
				INFOPLIST_KEY_CFBundleDisplayName = "Get It Done!";
				INFOPLIST_KEY_LSApplicationCategoryType = "public.app-category.productivity";
				INFOPLIST_KEY_UIApplicationSceneManifest_Generation = YES;
				INFOPLIST_KEY_UIApplicationSupportsIndirectInputEvents = YES;
				INFOPLIST_KEY_UILaunchScreen_Generation = YES;
				INFOPLIST_KEY_UISupportedInterfaceOrientations = UIInterfaceOrientationPortrait;
				INFOPLIST_KEY_UISupportedInterfaceOrientations_iPad = "UIInterfaceOrientationLandscapeLeft UIInterfaceOrientationLandscapeRight UIInterfaceOrientationPortrait UIInterfaceOrientationPortraitUpsideDown";
				IPHONEOS_DEPLOYMENT_TARGET = 17.0;
				LD_RUNPATH_SEARCH_PATHS = (
					"$(inherited)",
					"@executable_path/Frameworks",
				);
				MARKETING_VERSION = 1.0;
				OTHER_LDFLAGS = "-ObjC";
				PRODUCT_BUNDLE_IDENTIFIER = com.two0one.getItDone;
				PRODUCT_NAME = "$(TARGET_NAME)";
				SUPPORTED_PLATFORMS = "iphoneos iphonesimulator";
				SUPPORTS_MACCATALYST = NO;
				SUPPORTS_MAC_DESIGNED_FOR_IPHONE_IPAD = NO;
				SUPPORTS_XR_DESIGNED_FOR_IPHONE_IPAD = NO;
				SWIFT_EMIT_LOC_STRINGS = YES;
				SWIFT_VERSION = 5.0;
				TARGETED_DEVICE_FAMILY = 1;
			};
			name = Debug;
		};
		B6F7939E2BBA096100903B51 /* Release */ = {
			isa = XCBuildConfiguration;
			buildSettings = {
				ASSETCATALOG_COMPILER_APPICON_NAME = AppIcon;
				ASSETCATALOG_COMPILER_GLOBAL_ACCENT_COLOR_NAME = AccentColor;
				CODE_SIGN_ENTITLEMENTS = getItDone/getItDone.entitlements;
				CODE_SIGN_STYLE = Automatic;
				CURRENT_PROJECT_VERSION = 1;
				DEVELOPMENT_ASSET_PATHS = "\"getItDone/Preview Content\"";
				DEVELOPMENT_TEAM = AM2NVA9V8P;
				ENABLE_PREVIEWS = YES;
				GENERATE_INFOPLIST_FILE = YES;
				INFOPLIST_FILE = getItDone/Info.plist;
				INFOPLIST_KEY_CFBundleDisplayName = "Get It Done!";
				INFOPLIST_KEY_LSApplicationCategoryType = "public.app-category.productivity";
				INFOPLIST_KEY_UIApplicationSceneManifest_Generation = YES;
				INFOPLIST_KEY_UIApplicationSupportsIndirectInputEvents = YES;
				INFOPLIST_KEY_UILaunchScreen_Generation = YES;
				INFOPLIST_KEY_UISupportedInterfaceOrientations = UIInterfaceOrientationPortrait;
				INFOPLIST_KEY_UISupportedInterfaceOrientations_iPad = "UIInterfaceOrientationLandscapeLeft UIInterfaceOrientationLandscapeRight UIInterfaceOrientationPortrait UIInterfaceOrientationPortraitUpsideDown";
				IPHONEOS_DEPLOYMENT_TARGET = 17.0;
				LD_RUNPATH_SEARCH_PATHS = (
					"$(inherited)",
					"@executable_path/Frameworks",
				);
				MARKETING_VERSION = 1.0;
				OTHER_LDFLAGS = "-ObjC";
				PRODUCT_BUNDLE_IDENTIFIER = com.two0one.getItDone;
				PRODUCT_NAME = "$(TARGET_NAME)";
				SUPPORTED_PLATFORMS = "iphoneos iphonesimulator";
				SUPPORTS_MACCATALYST = NO;
				SUPPORTS_MAC_DESIGNED_FOR_IPHONE_IPAD = NO;
				SUPPORTS_XR_DESIGNED_FOR_IPHONE_IPAD = NO;
				SWIFT_EMIT_LOC_STRINGS = YES;
				SWIFT_VERSION = 5.0;
				TARGETED_DEVICE_FAMILY = 1;
			};
			name = Release;
		};
/* End XCBuildConfiguration section */

/* Begin XCConfigurationList section */
		B6F793892BBA096000903B51 /* Build configuration list for PBXProject "getItDone" */ = {
			isa = XCConfigurationList;
			buildConfigurations = (
				B6F7939A2BBA096100903B51 /* Debug */,
				B6F7939B2BBA096100903B51 /* Release */,
			);
			defaultConfigurationIsVisible = 0;
			defaultConfigurationName = Release;
		};
		B6F7939C2BBA096100903B51 /* Build configuration list for PBXNativeTarget "getItDone" */ = {
			isa = XCConfigurationList;
			buildConfigurations = (
				B6F7939D2BBA096100903B51 /* Debug */,
				B6F7939E2BBA096100903B51 /* Release */,
			);
			defaultConfigurationIsVisible = 0;
			defaultConfigurationName = Release;
		};
/* End XCConfigurationList section */

/* Begin XCRemoteSwiftPackageReference section */
		B6F793A12BBA11EF00903B51 /* XCRemoteSwiftPackageReference "firebase-ios-sdk" */ = {
			isa = XCRemoteSwiftPackageReference;
			repositoryURL = "https://github.com/firebase/firebase-ios-sdk";
			requirement = {
				kind = upToNextMajorVersion;
				minimumVersion = 10.23.1;
			};
		};
		CA1248E72BC8BE5D0082A05B /* XCRemoteSwiftPackageReference "GoogleSignIn-iOS" */ = {
			isa = XCRemoteSwiftPackageReference;
			repositoryURL = "https://github.com/google/GoogleSignIn-iOS.git";
			requirement = {
				kind = upToNextMajorVersion;
				minimumVersion = 7.1.0;
			};
		};
/* End XCRemoteSwiftPackageReference section */

/* Begin XCSwiftPackageProductDependency section */
		B6F793A22BBA11EF00903B51 /* FirebaseAnalyticsWithoutAdIdSupport */ = {
			isa = XCSwiftPackageProductDependency;
			package = B6F793A12BBA11EF00903B51 /* XCRemoteSwiftPackageReference "firebase-ios-sdk" */;
			productName = FirebaseAnalyticsWithoutAdIdSupport;
		};
		B6F793A42BBA11EF00903B51 /* FirebaseAppCheck */ = {
			isa = XCSwiftPackageProductDependency;
			package = B6F793A12BBA11EF00903B51 /* XCRemoteSwiftPackageReference "firebase-ios-sdk" */;
			productName = FirebaseAppCheck;
		};
		B6F793A62BBA11EF00903B51 /* FirebaseAuth */ = {
			isa = XCSwiftPackageProductDependency;
			package = B6F793A12BBA11EF00903B51 /* XCRemoteSwiftPackageReference "firebase-ios-sdk" */;
			productName = FirebaseAuth;
		};
		B6F793A82BBA11EF00903B51 /* FirebaseDatabase */ = {
			isa = XCSwiftPackageProductDependency;
			package = B6F793A12BBA11EF00903B51 /* XCRemoteSwiftPackageReference "firebase-ios-sdk" */;
			productName = FirebaseDatabase;
		};
		B6F793AA2BBA11EF00903B51 /* FirebaseMessaging */ = {
			isa = XCSwiftPackageProductDependency;
			package = B6F793A12BBA11EF00903B51 /* XCRemoteSwiftPackageReference "firebase-ios-sdk" */;
			productName = FirebaseMessaging;
		};
		CA1248D92BC875190082A05B /* FirebaseFirestore */ = {
			isa = XCSwiftPackageProductDependency;
			package = B6F793A12BBA11EF00903B51 /* XCRemoteSwiftPackageReference "firebase-ios-sdk" */;
			productName = FirebaseFirestore;
		};
		CA1248E82BC8BE5D0082A05B /* GoogleSignIn */ = {
			isa = XCSwiftPackageProductDependency;
			package = CA1248E72BC8BE5D0082A05B /* XCRemoteSwiftPackageReference "GoogleSignIn-iOS" */;
			productName = GoogleSignIn;
		};
		CA1248EA2BC8BE5D0082A05B /* GoogleSignInSwift */ = {
			isa = XCSwiftPackageProductDependency;
			package = CA1248E72BC8BE5D0082A05B /* XCRemoteSwiftPackageReference "GoogleSignIn-iOS" */;
			productName = GoogleSignInSwift;
		};
/* End XCSwiftPackageProductDependency section */
	};
	rootObject = B6F793862BBA096000903B51 /* Project object */;
}
